
Microsoft Visual Studio Solution File, Format Version 12.00
# Visual Studio Version 16
VisualStudioVersion = 16.0.32228.343
MinimumVisualStudioVersion = 10.0.40219.1
Project("{FAE04EC0-301F-11D3-BF4B-00C04F79EFBC}") = "Assembly-CSharp", "Assembly-CSharp.csproj", "{80B56AED-56F8-DF51-A391-3439781BBF77}"
EndProject
Project("{FAE04EC0-301F-11D3-BF4B-00C04F79EFBC}") = "AmplifyShaderEditor", "AmplifyShaderEditor.csproj", "{0C72AE3B-91B8-103C-4BF1-10EA0FFD7178}"
EndProject
Global
	GlobalSection(SolutionConfigurationPlatforms) = preSolution
		Debug|Any CPU = Debug|Any CPU
		Release|Any CPU = Release|Any CPU
	EndGlobalSection
	GlobalSection(ProjectConfigurationPlatforms) = postSolution
		{80B56AED-56F8-DF51-A391-3439781BBF77}.Debug|Any CPU.ActiveCfg = Debug|Any CPU
		{80B56AED-56F8-DF51-A391-3439781BBF77}.Debug|Any CPU.Build.0 = Debug|Any CPU
		{80B56AED-56F8-DF51-A391-3439781BBF77}.Release|Any CPU.ActiveCfg = Release|Any CPU
		{80B56AED-56F8-DF51-A391-3439781BBF77}.Release|Any CPU.Build.0 = Release|Any CPU
		{0C72AE3B-91B8-103C-4BF1-10EA0FFD7178}.Debug|Any CPU.ActiveCfg = Debug|Any CPU
		{0C72AE3B-91B8-103C-4BF1-10EA0FFD7178}.Debug|Any CPU.Build.0 = Debug|Any CPU
		{0C72AE3B-91B8-103C-4BF1-10EA0FFD7178}.Release|Any CPU.ActiveCfg = Release|Any CPU
		{0C72AE3B-91B8-103C-4BF1-10EA0FFD7178}.Release|Any CPU.Build.0 = Release|Any CPU
	EndGlobalSection
	GlobalSection(SolutionProperties) = preSolution
		HideSolutionNode = FALSE
	EndGlobalSection
	GlobalSection(ExtensibilityGlobals) = postSolution
		SolutionGuid = {DB151397-17F9-4EFE-B79B-6D15C420E8E6}
	EndGlobalSection
EndGlobal
